
Microsoft Visual Studio Solution File, Format Version 12.00
# Visual Studio Version 17
VisualStudioVersion = 17.4.33213.308
MinimumVisualStudioVersion = 10.0.40219.1
Project("{9A19103F-16F7-4668-BE54-9A1E7A4F7556}") = "StyleAnalysis", "StyleAnalysis\StyleAnalysis.csproj", "{A59FF882-FFFD-4F2E-8223-7D2E6A7845EF}"
EndProject
Project("{9A19103F-16F7-4668-BE54-9A1E7A4F7556}") = "StyleAnalysis.Test", "StyleAnalysis.Test\StyleAnalysis.Test.csproj", "{8DE7C0C8-BA9D-419D-B28B-711CA336E0A4}"
EndProject
Project("{FAE04EC0-301F-11D3-BF4B-00C04F79EFBC}") = "Logic", "Logic\Logic.csproj", "{CA1192CE-29C6-41A5-A0CB-F5C32B0CCFAF}"
EndProject
Global
	GlobalSection(SolutionConfigurationPlatforms) = preSolution
		Debug|Any CPU = Debug|Any CPU
		Release|Any CPU = Release|Any CPU
	EndGlobalSection
	GlobalSection(ProjectConfigurationPlatforms) = postSolution
		{A59FF882-FFFD-4F2E-8223-7D2E6A7845EF}.Debug|Any CPU.ActiveCfg = Debug|Any CPU
		{A59FF882-FFFD-4F2E-8223-7D2E6A7845EF}.Debug|Any CPU.Build.0 = Debug|Any CPU
		{A59FF882-FFFD-4F2E-8223-7D2E6A7845EF}.Release|Any CPU.ActiveCfg = Release|Any CPU
		{A59FF882-FFFD-4F2E-8223-7D2E6A7845EF}.Release|Any CPU.Build.0 = Release|Any CPU
		{8DE7C0C8-BA9D-419D-B28B-711CA336E0A4}.Debug|Any CPU.ActiveCfg = Debug|Any CPU
		{8DE7C0C8-BA9D-419D-B28B-711CA336E0A4}.Debug|Any CPU.Build.0 = Debug|Any CPU
		{8DE7C0C8-BA9D-419D-B28B-711CA336E0A4}.Release|Any CPU.ActiveCfg = Release|Any CPU
		{8DE7C0C8-BA9D-419D-B28B-711CA336E0A4}.Release|Any CPU.Build.0 = Release|Any CPU
		{CA1192CE-29C6-41A5-A0CB-F5C32B0CCFAF}.Debug|Any CPU.ActiveCfg = Debug|Any CPU
		{CA1192CE-29C6-41A5-A0CB-F5C32B0CCFAF}.Debug|Any CPU.Build.0 = Debug|Any CPU
		{CA1192CE-29C6-41A5-A0CB-F5C32B0CCFAF}.Release|Any CPU.ActiveCfg = Release|Any CPU
		{CA1192CE-29C6-41A5-A0CB-F5C32B0CCFAF}.Release|Any CPU.Build.0 = Release|Any CPU
	EndGlobalSection
	GlobalSection(SolutionProperties) = preSolution
		HideSolutionNode = FALSE
	EndGlobalSection
	GlobalSection(ExtensibilityGlobals) = postSolution
		SolutionGuid = {69F402C6-7DF9-4728-A55C-D51D4F8125E8}
	EndGlobalSection
EndGlobal
